
Microsoft Visual Studio Solution File, Format Version 12.00
Project("{FAE04EC0-301F-11D3-BF4B-00C04F79EFBC}") = "FirstLessons", "FirstLessons\FirstLessons.csproj", "{CB34F96A-28F7-4A41-83FA-CC8F44943071}"
EndProject
Project("{FAE04EC0-301F-11D3-BF4B-00C04F79EFBC}") = "LessonsPartTwo", "LessonsPartTwo\LessonsPartTwo.csproj", "{179C2EC8-9D27-4363-B9C1-C87CA7E2AEEC}"
EndProject
Project("{FAE04EC0-301F-11D3-BF4B-00C04F79EFBC}") = "OOP", "OOP\OOP.csproj", "{55E7C517-F6D1-4AB3-A16C-F7109C8620FF}"
EndProject
Project("{FAE04EC0-301F-11D3-BF4B-00C04F79EFBC}") = "Advance", "Advance\Advance.csproj", "{29627C07-C0E0-49CF-AA38-C487A953C5A3}"
EndProject
Global
	GlobalSection(SolutionConfigurationPlatforms) = preSolution
		Debug|Any CPU = Debug|Any CPU
		Release|Any CPU = Release|Any CPU
	EndGlobalSection
	GlobalSection(ProjectConfigurationPlatforms) = postSolution
		{CB34F96A-28F7-4A41-83FA-CC8F44943071}.Debug|Any CPU.ActiveCfg = Debug|Any CPU
		{CB34F96A-28F7-4A41-83FA-CC8F44943071}.Debug|Any CPU.Build.0 = Debug|Any CPU
		{CB34F96A-28F7-4A41-83FA-CC8F44943071}.Release|Any CPU.ActiveCfg = Release|Any CPU
		{CB34F96A-28F7-4A41-83FA-CC8F44943071}.Release|Any CPU.Build.0 = Release|Any CPU
		{179C2EC8-9D27-4363-B9C1-C87CA7E2AEEC}.Debug|Any CPU.ActiveCfg = Debug|Any CPU
		{179C2EC8-9D27-4363-B9C1-C87CA7E2AEEC}.Debug|Any CPU.Build.0 = Debug|Any CPU
		{179C2EC8-9D27-4363-B9C1-C87CA7E2AEEC}.Release|Any CPU.ActiveCfg = Release|Any CPU
		{179C2EC8-9D27-4363-B9C1-C87CA7E2AEEC}.Release|Any CPU.Build.0 = Release|Any CPU
		{55E7C517-F6D1-4AB3-A16C-F7109C8620FF}.Debug|Any CPU.ActiveCfg = Debug|Any CPU
		{55E7C517-F6D1-4AB3-A16C-F7109C8620FF}.Debug|Any CPU.Build.0 = Debug|Any CPU
		{55E7C517-F6D1-4AB3-A16C-F7109C8620FF}.Release|Any CPU.ActiveCfg = Release|Any CPU
		{55E7C517-F6D1-4AB3-A16C-F7109C8620FF}.Release|Any CPU.Build.0 = Release|Any CPU
		{29627C07-C0E0-49CF-AA38-C487A953C5A3}.Debug|Any CPU.ActiveCfg = Debug|Any CPU
		{29627C07-C0E0-49CF-AA38-C487A953C5A3}.Debug|Any CPU.Build.0 = Debug|Any CPU
		{29627C07-C0E0-49CF-AA38-C487A953C5A3}.Release|Any CPU.ActiveCfg = Release|Any CPU
		{29627C07-C0E0-49CF-AA38-C487A953C5A3}.Release|Any CPU.Build.0 = Release|Any CPU
	EndGlobalSection
EndGlobal
